
Microsoft Visual Studio Solution File, Format Version 12.00
# Visual Studio Version 17
VisualStudioVersion = 17.1.32414.318
MinimumVisualStudioVersion = 10.0.40219.1
Project("{9A19103F-16F7-4668-BE54-9A1E7A4F7556}") = "P42.Uno.SimpleListView", "P42.Uno.SimpleListView\P42.Uno.SimpleListView.csproj", "{276F8197-321B-4BE6-9BF8-E65DA4D10E17}"
EndProject
Project("{9A19103F-16F7-4668-BE54-9A1E7A4F7556}") = "P42.Utils", "P42.Utils\P42.Utils\P42.Utils.csproj", "{92624924-84DB-4E76-A587-8FBF8D9335D0}"
EndProject
Project("{9A19103F-16F7-4668-BE54-9A1E7A4F7556}") = "P42.Utils.Uno", "P42.Utils\P42.Utils.Uno\P42.Utils.Uno.csproj", "{1534E909-893F-454E-A37C-E226162CA951}"
EndProject
Global
	GlobalSection(SolutionConfigurationPlatforms) = preSolution
		Debug|Any CPU = Debug|Any CPU
		Release|Any CPU = Release|Any CPU
	EndGlobalSection
	GlobalSection(ProjectConfigurationPlatforms) = postSolution
		{276F8197-321B-4BE6-9BF8-E65DA4D10E17}.Debug|Any CPU.ActiveCfg = Debug|Any CPU
		{276F8197-321B-4BE6-9BF8-E65DA4D10E17}.Debug|Any CPU.Build.0 = Debug|Any CPU
		{276F8197-321B-4BE6-9BF8-E65DA4D10E17}.Release|Any CPU.ActiveCfg = Release|Any CPU
		{276F8197-321B-4BE6-9BF8-E65DA4D10E17}.Release|Any CPU.Build.0 = Release|Any CPU
		{92624924-84DB-4E76-A587-8FBF8D9335D0}.Debug|Any CPU.ActiveCfg = Debug|Any CPU
		{92624924-84DB-4E76-A587-8FBF8D9335D0}.Debug|Any CPU.Build.0 = Debug|Any CPU
		{92624924-84DB-4E76-A587-8FBF8D9335D0}.Release|Any CPU.ActiveCfg = Release|Any CPU
		{92624924-84DB-4E76-A587-8FBF8D9335D0}.Release|Any CPU.Build.0 = Release|Any CPU
		{1534E909-893F-454E-A37C-E226162CA951}.Debug|Any CPU.ActiveCfg = Debug|Any CPU
		{1534E909-893F-454E-A37C-E226162CA951}.Debug|Any CPU.Build.0 = Debug|Any CPU
		{1534E909-893F-454E-A37C-E226162CA951}.Release|Any CPU.ActiveCfg = Release|Any CPU
		{1534E909-893F-454E-A37C-E226162CA951}.Release|Any CPU.Build.0 = Release|Any CPU
	EndGlobalSection
	GlobalSection(SolutionProperties) = preSolution
		HideSolutionNode = FALSE
	EndGlobalSection
	GlobalSection(ExtensibilityGlobals) = postSolution
		SolutionGuid = {AEDF7F2F-2CD4-42B5-B366-66A05E485BEC}
	EndGlobalSection
EndGlobal
